
Microsoft Visual Studio Solution File, Format Version 12.00
# Visual Studio Version 17
VisualStudioVersion = 17.8.34316.72
MinimumVisualStudioVersion = 10.0.40219.1
Project("{9A19103F-16F7-4668-BE54-9A1E7A4F7556}") = "Domain", "Domain\Domain.csproj", "{6541C3B0-DDBB-4901-9817-FA0E6FC21032}"
EndProject
Project("{9A19103F-16F7-4668-BE54-9A1E7A4F7556}") = "Application", "Application\Application.csproj", "{84B149C1-6A1C-44E1-B2DE-15F54FD772DA}"
EndProject
Project("{9A19103F-16F7-4668-BE54-9A1E7A4F7556}") = "Infrastructure", "Infrastructure\Infrastructure.csproj", "{1524DC9F-84AD-4405-B110-E509C5C08FF1}"
EndProject
Project("{9A19103F-16F7-4668-BE54-9A1E7A4F7556}") = "Presentation", "Presentation MVC\Presentation.csproj", "{B59C8DC5-6B80-4A01-A1B9-F6C4AA04C9FD}"
EndProject
Global
	GlobalSection(SolutionConfigurationPlatforms) = preSolution
		Debug|Any CPU = Debug|Any CPU
		Release|Any CPU = Release|Any CPU
	EndGlobalSection
	GlobalSection(ProjectConfigurationPlatforms) = postSolution
		{6541C3B0-DDBB-4901-9817-FA0E6FC21032}.Debug|Any CPU.ActiveCfg = Debug|Any CPU
		{6541C3B0-DDBB-4901-9817-FA0E6FC21032}.Debug|Any CPU.Build.0 = Debug|Any CPU
		{6541C3B0-DDBB-4901-9817-FA0E6FC21032}.Release|Any CPU.ActiveCfg = Release|Any CPU
		{6541C3B0-DDBB-4901-9817-FA0E6FC21032}.Release|Any CPU.Build.0 = Release|Any CPU
		{84B149C1-6A1C-44E1-B2DE-15F54FD772DA}.Debug|Any CPU.ActiveCfg = Debug|Any CPU
		{84B149C1-6A1C-44E1-B2DE-15F54FD772DA}.Debug|Any CPU.Build.0 = Debug|Any CPU
		{84B149C1-6A1C-44E1-B2DE-15F54FD772DA}.Release|Any CPU.ActiveCfg = Release|Any CPU
		{84B149C1-6A1C-44E1-B2DE-15F54FD772DA}.Release|Any CPU.Build.0 = Release|Any CPU
		{1524DC9F-84AD-4405-B110-E509C5C08FF1}.Debug|Any CPU.ActiveCfg = Debug|Any CPU
		{1524DC9F-84AD-4405-B110-E509C5C08FF1}.Debug|Any CPU.Build.0 = Debug|Any CPU
		{1524DC9F-84AD-4405-B110-E509C5C08FF1}.Release|Any CPU.ActiveCfg = Release|Any CPU
		{1524DC9F-84AD-4405-B110-E509C5C08FF1}.Release|Any CPU.Build.0 = Release|Any CPU
		{B59C8DC5-6B80-4A01-A1B9-F6C4AA04C9FD}.Debug|Any CPU.ActiveCfg = Debug|Any CPU
		{B59C8DC5-6B80-4A01-A1B9-F6C4AA04C9FD}.Debug|Any CPU.Build.0 = Debug|Any CPU
		{B59C8DC5-6B80-4A01-A1B9-F6C4AA04C9FD}.Release|Any CPU.ActiveCfg = Release|Any CPU
		{B59C8DC5-6B80-4A01-A1B9-F6C4AA04C9FD}.Release|Any CPU.Build.0 = Release|Any CPU
	EndGlobalSection
	GlobalSection(SolutionProperties) = preSolution
		HideSolutionNode = FALSE
	EndGlobalSection
	GlobalSection(ExtensibilityGlobals) = postSolution
		SolutionGuid = {B967BD2F-4766-47E4-83CB-E0D780D65DA2}
	EndGlobalSection
EndGlobal
